// !$*UTF8*$!
{
	archiveVersion = 1;
	classes = {
	};
	objectVersion = 48;
	objects = {

/* Begin PBXBuildFile section */
		424F209A1FD99F380085D929 /* AppDelegate.swift in Sources */ = {isa = PBXBuildFile; fileRef = 424F20991FD99F380085D929 /* AppDelegate.swift */; };
		424F209C1FD99F380085D929 /* ViewController.swift in Sources */ = {isa = PBXBuildFile; fileRef = 424F209B1FD99F380085D929 /* ViewController.swift */; };
		424F209F1FD99F380085D929 /* Main.storyboard in Resources */ = {isa = PBXBuildFile; fileRef = 424F209D1FD99F380085D929 /* Main.storyboard */; };
		424F20A11FD99F380085D929 /* Assets.xcassets in Resources */ = {isa = PBXBuildFile; fileRef = 424F20A01FD99F380085D929 /* Assets.xcassets */; };
		424F20A41FD99F380085D929 /* LaunchScreen.storyboard in Resources */ = {isa = PBXBuildFile; fileRef = 424F20A21FD99F380085D929 /* LaunchScreen.storyboard */; };
		424F20AF1FD99F380085D929 /* provaGitTests.swift in Sources */ = {isa = PBXBuildFile; fileRef = 424F20AE1FD99F380085D929 /* provaGitTests.swift */; };
		424F20BA1FD99F380085D929 /* provaGitUITests.swift in Sources */ = {isa = PBXBuildFile; fileRef = 424F20B91FD99F380085D929 /* provaGitUITests.swift */; };
/* End PBXBuildFile section */

/* Begin PBXContainerItemProxy section */
		424F20AB1FD99F380085D929 /* PBXContainerItemProxy */ = {
			isa = PBXContainerItemProxy;
			containerPortal = 424F208E1FD99F380085D929 /* Project object */;
			proxyType = 1;
			remoteGlobalIDString = 424F20951FD99F380085D929;
			remoteInfo = provaGit;
		};
		424F20B61FD99F380085D929 /* PBXContainerItemProxy */ = {
			isa = PBXContainerItemProxy;
			containerPortal = 424F208E1FD99F380085D929 /* Project object */;
			proxyType = 1;
			remoteGlobalIDString = 424F20951FD99F380085D929;
			remoteInfo = provaGit;
		};
/* End PBXContainerItemProxy section */

/* Begin PBXFileReference section */
		424F20961FD99F380085D929 /* provaGit.app */ = {isa = PBXFileReference; explicitFileType = wrapper.application; includeInIndex = 0; path = provaGit.app; sourceTree = BUILT_PRODUCTS_DIR; };
		424F20991FD99F380085D929 /* AppDelegate.swift */ = {isa = PBXFileReference; lastKnownFileType = sourcecode.swift; path = AppDelegate.swift; sourceTree = "<group>"; };
		424F209B1FD99F380085D929 /* ViewController.swift */ = {isa = PBXFileReference; lastKnownFileType = sourcecode.swift; path = ViewController.swift; sourceTree = "<group>"; };
		424F209E1FD99F380085D929 /* Base */ = {isa = PBXFileReference; lastKnownFileType = file.storyboard; name = Base; path = Base.lproj/Main.storyboard; sourceTree = "<group>"; };
		424F20A01FD99F380085D929 /* Assets.xcassets */ = {isa = PBXFileReference; lastKnownFileType = folder.assetcatalog; path = Assets.xcassets; sourceTree = "<group>"; };
		424F20A31FD99F380085D929 /* Base */ = {isa = PBXFileReference; lastKnownFileType = file.storyboard; name = Base; path = Base.lproj/LaunchScreen.storyboard; sourceTree = "<group>"; };
		424F20A51FD99F380085D929 /* Info.plist */ = {isa = PBXFileReference; lastKnownFileType = text.plist.xml; path = Info.plist; sourceTree = "<group>"; };
		424F20AA1FD99F380085D929 /* provaGitTests.xctest */ = {isa = PBXFileReference; explicitFileType = wrapper.cfbundle; includeInIndex = 0; path = provaGitTests.xctest; sourceTree = BUILT_PRODUCTS_DIR; };
		424F20AE1FD99F380085D929 /* provaGitTests.swift */ = {isa = PBXFileReference; lastKnownFileType = sourcecode.swift; path = provaGitTests.swift; sourceTree = "<group>"; };
		424F20B01FD99F380085D929 /* Info.plist */ = {isa = PBXFileReference; lastKnownFileType = text.plist.xml; path = Info.plist; sourceTree = "<group>"; };
		424F20B51FD99F380085D929 /* provaGitUITests.xctest */ = {isa = PBXFileReference; explicitFileType = wrapper.cfbundle; includeInIndex = 0; path = provaGitUITests.xctest; sourceTree = BUILT_PRODUCTS_DIR; };
		424F20B91FD99F380085D929 /* provaGitUITests.swift */ = {isa = PBXFileReference; lastKnownFileType = sourcecode.swift; path = provaGitUITests.swift; sourceTree = "<group>"; };
		424F20BB1FD99F380085D929 /* Info.plist */ = {isa = PBXFileReference; lastKnownFileType = text.plist.xml; path = Info.plist; sourceTree = "<group>"; };
/* End PBXFileReference section */

/* Begin PBXFrameworksBuildPhase section */
		424F20931FD99F380085D929 /* Frameworks */ = {
			isa = PBXFrameworksBuildPhase;
			buildActionMask = 2147483647;
			files = (
			);
			runOnlyForDeploymentPostprocessing = 0;
		};
		424F20A71FD99F380085D929 /* Frameworks */ = {
			isa = PBXFrameworksBuildPhase;
			buildActionMask = 2147483647;
			files = (
			);
			runOnlyForDeploymentPostprocessing = 0;
		};
		424F20B21FD99F380085D929 /* Frameworks */ = {
			isa = PBXFrameworksBuildPhase;
			buildActionMask = 2147483647;
			files = (
			);
			runOnlyForDeploymentPostprocessing = 0;
		};
/* End PBXFrameworksBuildPhase section */

/* Begin PBXGroup section */
		424F208D1FD99F380085D929 = {
			isa = PBXGroup;
			children = (
				424F20981FD99F380085D929 /* provaGit */,
				424F20AD1FD99F380085D929 /* provaGitTests */,
				424F20B81FD99F380085D929 /* provaGitUITests */,
				424F20971FD99F380085D929 /* Products */,
			);
			sourceTree = "<group>";
		};
		424F20971FD99F380085D929 /* Products */ = {
			isa = PBXGroup;
			children = (
				424F20961FD99F380085D929 /* provaGit.app */,
				424F20AA1FD99F380085D929 /* provaGitTests.xctest */,
				424F20B51FD99F380085D929 /* provaGitUITests.xctest */,
			);
			name = Products;
			sourceTree = "<group>";
		};
		424F20981FD99F380085D929 /* provaGit */ = {
			isa = PBXGroup;
			children = (
				424F20991FD99F380085D929 /* AppDelegate.swift */,
				424F209B1FD99F380085D929 /* ViewController.swift */,
				424F209D1FD99F380085D929 /* Main.storyboard */,
				424F20A01FD99F380085D929 /* Assets.xcassets */,
				424F20A21FD99F380085D929 /* LaunchScreen.storyboard */,
				424F20A51FD99F380085D929 /* Info.plist */,
			);
			path = provaGit;
			sourceTree = "<group>";
		};
		424F20AD1FD99F380085D929 /* provaGitTests */ = {
			isa = PBXGroup;
			children = (
				424F20AE1FD99F380085D929 /* provaGitTests.swift */,
				424F20B01FD99F380085D929 /* Info.plist */,
			);
			path = provaGitTests;
			sourceTree = "<group>";
		};
		424F20B81FD99F380085D929 /* provaGitUITests */ = {
			isa = PBXGroup;
			children = (
				424F20B91FD99F380085D929 /* provaGitUITests.swift */,
				424F20BB1FD99F380085D929 /* Info.plist */,
			);
			path = provaGitUITests;
			sourceTree = "<group>";
		};
/* End PBXGroup section */

/* Begin PBXNativeTarget section */
		424F20951FD99F380085D929 /* provaGit */ = {
			isa = PBXNativeTarget;
			buildConfigurationList = 424F20BE1FD99F380085D929 /* Build configuration list for PBXNativeTarget "provaGit" */;
			buildPhases = (
				424F20921FD99F380085D929 /* Sources */,
				424F20931FD99F380085D929 /* Frameworks */,
				424F20941FD99F380085D929 /* Resources */,
			);
			buildRules = (
			);
			dependencies = (
			);
			name = provaGit;
			productName = provaGit;
			productReference = 424F20961FD99F380085D929 /* provaGit.app */;
			productType = "com.apple.product-type.application";
		};
		424F20A91FD99F380085D929 /* provaGitTests */ = {
			isa = PBXNativeTarget;
			buildConfigurationList = 424F20C11FD99F380085D929 /* Build configuration list for PBXNativeTarget "provaGitTests" */;
			buildPhases = (
				424F20A61FD99F380085D929 /* Sources */,
				424F20A71FD99F380085D929 /* Frameworks */,
				424F20A81FD99F380085D929 /* Resources */,
			);
			buildRules = (
			);
			dependencies = (
				424F20AC1FD99F380085D929 /* PBXTargetDependency */,
			);
			name = provaGitTests;
			productName = provaGitTests;
			productReference = 424F20AA1FD99F380085D929 /* provaGitTests.xctest */;
			productType = "com.apple.product-type.bundle.unit-test";
		};
		424F20B41FD99F380085D929 /* provaGitUITests */ = {
			isa = PBXNativeTarget;
			buildConfigurationList = 424F20C41FD99F380085D929 /* Build configuration list for PBXNativeTarget "provaGitUITests" */;
			buildPhases = (
				424F20B11FD99F380085D929 /* Sources */,
				424F20B21FD99F380085D929 /* Frameworks */,
				424F20B31FD99F380085D929 /* Resources */,
			);
			buildRules = (
			);
			dependencies = (
				424F20B71FD99F380085D929 /* PBXTargetDependency */,
			);
			name = provaGitUITests;
			productName = provaGitUITests;
			productReference = 424F20B51FD99F380085D929 /* provaGitUITests.xctest */;
			productType = "com.apple.product-type.bundle.ui-testing";
		};
/* End PBXNativeTarget section */

/* Begin PBXProject section */
		424F208E1FD99F380085D929 /* Project object */ = {
			isa = PBXProject;
			attributes = {
				LastSwiftUpdateCheck = 0920;
				LastUpgradeCheck = 0920;
				ORGANIZATIONNAME = "giuseppe magnete";
				TargetAttributes = {
					424F20951FD99F380085D929 = {
						CreatedOnToolsVersion = 9.2;
						ProvisioningStyle = Automatic;
					};
					424F20A91FD99F380085D929 = {
						CreatedOnToolsVersion = 9.2;
						ProvisioningStyle = Automatic;
						TestTargetID = 424F20951FD99F380085D929;
					};
					424F20B41FD99F380085D929 = {
						CreatedOnToolsVersion = 9.2;
						ProvisioningStyle = Automatic;
						TestTargetID = 424F20951FD99F380085D929;
					};
				};
			};
			buildConfigurationList = 424F20911FD99F380085D929 /* Build configuration list for PBXProject "provaGit" */;
			compatibilityVersion = "Xcode 8.0";
			developmentRegion = en;
			hasScannedForEncodings = 0;
			knownRegions = (
				en,
				Base,
			);
			mainGroup = 424F208D1FD99F380085D929;
			productRefGroup = 424F20971FD99F380085D929 /* Products */;
			projectDirPath = "";
			projectRoot = "";
			targets = (
				424F20951FD99F380085D929 /* provaGit */,
				424F20A91FD99F380085D929 /* provaGitTests */,
				424F20B41FD99F380085D929 /* provaGitUITests */,
			);
		};
/* End PBXProject section */

/* Begin PBXResourcesBuildPhase section */
		424F20941FD99F380085D929 /* Resources */ = {
			isa = PBXResourcesBuildPhase;
			buildActionMask = 2147483647;
			files = (
				424F20A41FD99F380085D929 /* LaunchScreen.storyboard in Resources */,
				424F20A11FD99F380085D929 /* Assets.xcassets in Resources */,
				424F209F1FD99F380085D929 /* Main.storyboard in Resources */,
			);
			runOnlyForDeploymentPostprocessing = 0;
		};
		424F20A81FD99F380085D929 /* Resources */ = {
			isa = PBXResourcesBuildPhase;
			buildActionMask = 2147483647;
			files = (
			);
			runOnlyForDeploymentPostprocessing = 0;
		};
		424F20B31FD99F380085D929 /* Resources */ = {
			isa = PBXResourcesBuildPhase;
			buildActionMask = 2147483647;
			files = (
			);
			runOnlyForDeploymentPostprocessing = 0;
		};
/* End PBXResourcesBuildPhase section */

/* Begin PBXSourcesBuildPhase section */
		424F20921FD99F380085D929 /* Sources */ = {
			isa = PBXSourcesBuildPhase;
			buildActionMask = 2147483647;
			files = (
				424F209C1FD99F380085D929 /* ViewController.swift in Sources */,
				424F209A1FD99F380085D929 /* AppDelegate.swift in Sources */,
			);
			runOnlyForDeploymentPostprocessing = 0;
		};
		424F20A61FD99F380085D929 /* Sources */ = {
			isa = PBXSourcesBuildPhase;
			buildActionMask = 2147483647;
			files = (
				424F20AF1FD99F380085D929 /* provaGitTests.swift in Sources */,
			);
			runOnlyForDeploymentPostprocessing = 0;
		};
		424F20B11FD99F380085D929 /* Sources */ = {
			isa = PBXSourcesBuildPhase;
			buildActionMask = 2147483647;
			files = (
				424F20BA1FD99F380085D929 /* provaGitUITests.swift in Sources */,
			);
			runOnlyForDeploymentPostprocessing = 0;
		};
/* End PBXSourcesBuildPhase section */

/* Begin PBXTargetDependency section */
		424F20AC1FD99F380085D929 /* PBXTargetDependency */ = {
			isa = PBXTargetDependency;
			target = 424F20951FD99F380085D929 /* provaGit */;
			targetProxy = 424F20AB1FD99F380085D929 /* PBXContainerItemProxy */;
		};
		424F20B71FD99F380085D929 /* PBXTargetDependency */ = {
			isa = PBXTargetDependency;
			target = 424F20951FD99F380085D929 /* provaGit */;
			targetProxy = 424F20B61FD99F380085D929 /* PBXContainerItemProxy */;
		};
/* End PBXTargetDependency section */

/* Begin PBXVariantGroup section */
		424F209D1FD99F380085D929 /* Main.storyboard */ = {
			isa = PBXVariantGroup;
			children = (
				424F209E1FD99F380085D929 /* Base */,
			);
			name = Main.storyboard;
			sourceTree = "<group>";
		};
		424F20A21FD99F380085D929 /* LaunchScreen.storyboard */ = {
			isa = PBXVariantGroup;
			children = (
				424F20A31FD99F380085D929 /* Base */,
			);
			name = LaunchScreen.storyboard;
			sourceTree = "<group>";
		};
/* End PBXVariantGroup section */

/* Begin XCBuildConfiguration section */
		424F20BC1FD99F380085D929 /* Debug */ = {
			isa = XCBuildConfiguration;
			buildSettings = {
				ALWAYS_SEARCH_USER_PATHS = NO;
				CLANG_ANALYZER_NONNULL = YES;
				CLANG_ANALYZER_NUMBER_OBJECT_CONVERSION = YES_AGGRESSIVE;
				CLANG_CXX_LANGUAGE_STANDARD = "gnu++14";
				CLANG_CXX_LIBRARY = "libc++";
				CLANG_ENABLE_MODULES = YES;
				CLANG_ENABLE_OBJC_ARC = YES;
				CLANG_WARN_BLOCK_CAPTURE_AUTORELEASING = YES;
				CLANG_WARN_BOOL_CONVERSION = YES;
				CLANG_WARN_COMMA = YES;
				CLANG_WARN_CONSTANT_CONVERSION = YES;
				CLANG_WARN_DIRECT_OBJC_ISA_USAGE = YES_ERROR;
				CLANG_WARN_DOCUMENTATION_COMMENTS = YES;
				CLANG_WARN_EMPTY_BODY = YES;
				CLANG_WARN_ENUM_CONVERSION = YES;
				CLANG_WARN_INFINITE_RECURSION = YES;
				CLANG_WARN_INT_CONVERSION = YES;
				CLANG_WARN_NON_LITERAL_NULL_CONVERSION = YES;
				CLANG_WARN_OBJC_LITERAL_CONVERSION = YES;
				CLANG_WARN_OBJC_ROOT_CLASS = YES_ERROR;
				CLANG_WARN_RANGE_LOOP_ANALYSIS = YES;
				CLANG_WARN_STRICT_PROTOTYPES = YES;
				CLANG_WARN_SUSPICIOUS_MOVE = YES;
				CLANG_WARN_UNGUARDED_AVAILABILITY = YES_AGGRESSIVE;
				CLANG_WARN_UNREACHABLE_CODE = YES;
				CLANG_WARN__DUPLICATE_METHOD_MATCH = YES;
				CODE_SIGN_IDENTITY = "iPhone Developer";
				COPY_PHASE_STRIP = NO;
				DEBUG_INFORMATION_FORMAT = dwarf;
				ENABLE_STRICT_OBJC_MSGSEND = YES;
				ENABLE_TESTABILITY = YES;
				GCC_C_LANGUAGE_STANDARD = gnu11;
				GCC_DYNAMIC_NO_PIC = NO;
				GCC_NO_COMMON_BLOCKS = YES;
				GCC_OPTIMIZATION_LEVEL = 0;
				GCC_PREPROCESSOR_DEFINITIONS = (
					"DEBUG=1",
					"$(inherited)",
				);
				GCC_WARN_64_TO_32_BIT_CONVERSION = YES;
				GCC_WARN_ABOUT_RETURN_TYPE = YES_ERROR;
				GCC_WARN_UNDECLARED_SELECTOR = YES;
				GCC_WARN_UNINITIALIZED_AUTOS = YES_AGGRESSIVE;
				GCC_WARN_UNUSED_FUNCTION = YES;
				GCC_WARN_UNUSED_VARIABLE = YES;
				IPHONEOS_DEPLOYMENT_TARGET = 11.2;
				MTL_ENABLE_DEBUG_INFO = YES;
				ONLY_ACTIVE_ARCH = YES;
				SDKROOT = iphoneos;
				SWIFT_ACTIVE_COMPILATION_CONDITIONS = DEBUG;
				SWIFT_OPTIMIZATION_LEVEL = "-Onone";
			};
			name = Debug;
		};
		424F20BD1FD99F380085D929 /* Release */ = {
			isa = XCBuildConfiguration;
			buildSettings = {
				ALWAYS_SEARCH_USER_PATHS = NO;
				CLANG_ANALYZER_NONNULL = YES;
				CLANG_ANALYZER_NUMBER_OBJECT_CONVERSION = YES_AGGRESSIVE;
				CLANG_CXX_LANGUAGE_STANDARD = "gnu++14";
				CLANG_CXX_LIBRARY = "libc++";
				CLANG_ENABLE_MODULES = YES;
				CLANG_ENABLE_OBJC_ARC = YES;
				CLANG_WARN_BLOCK_CAPTURE_AUTORELEASING = YES;
				CLANG_WARN_BOOL_CONVERSION = YES;
				CLANG_WARN_COMMA = YES;
				CLANG_WARN_CONSTANT_CONVERSION = YES;
				CLANG_WARN_DIRECT_OBJC_ISA_USAGE = YES_ERROR;
				CLANG_WARN_DOCUMENTATION_COMMENTS = YES;
				CLANG_WARN_EMPTY_BODY = YES;
				CLANG_WARN_ENUM_CONVERSION = YES;
				CLANG_WARN_INFINITE_RECURSION = YES;
				CLANG_WARN_INT_CONVERSION = YES;
				CLANG_WARN_NON_LITERAL_NULL_CONVERSION = YES;
				CLANG_WARN_OBJC_LITERAL_CONVERSION = YES;
				CLANG_WARN_OBJC_ROOT_CLASS = YES_ERROR;
				CLANG_WARN_RANGE_LOOP_ANALYSIS = YES;
				CLANG_WARN_STRICT_PROTOTYPES = YES;
				CLANG_WARN_SUSPICIOUS_MOVE = YES;
				CLANG_WARN_UNGUARDED_AVAILABILITY = YES_AGGRESSIVE;
				CLANG_WARN_UNREACHABLE_CODE = YES;
				CLANG_WARN__DUPLICATE_METHOD_MATCH = YES;
				CODE_SIGN_IDENTITY = "iPhone Developer";
				COPY_PHASE_STRIP = NO;
				DEBUG_INFORMATION_FORMAT = "dwarf-with-dsym";
				ENABLE_NS_ASSERTIONS = NO;
				ENABLE_STRICT_OBJC_MSGSEND = YES;
				GCC_C_LANGUAGE_STANDARD = gnu11;
				GCC_NO_COMMON_BLOCKS = YES;
				GCC_WARN_64_TO_32_BIT_CONVERSION = YES;
				GCC_WARN_ABOUT_RETURN_TYPE = YES_ERROR;
				GCC_WARN_UNDECLARED_SELECTOR = YES;
				GCC_WARN_UNINITIALIZED_AUTOS = YES_AGGRESSIVE;
				GCC_WARN_UNUSED_FUNCTION = YES;
				GCC_WARN_UNUSED_VARIABLE = YES;
				IPHONEOS_DEPLOYMENT_TARGET = 11.2;
				MTL_ENABLE_DEBUG_INFO = NO;
				SDKROOT = iphoneos;
				SWIFT_OPTIMIZATION_LEVEL = "-Owholemodule";
				VALIDATE_PRODUCT = YES;
			};
			name = Release;
		};
		424F20BF1FD99F380085D929 /* Debug */ = {
			isa = XCBuildConfiguration;
			buildSettings = {
				ASSETCATALOG_COMPILER_APPICON_NAME = AppIcon;
				CODE_SIGN_STYLE = Automatic;
				DEVELOPMENT_TEAM = F3C54Q5QDX;
				INFOPLIST_FILE = provaGit/Info.plist;
				LD_RUNPATH_SEARCH_PATHS = "$(inherited) @executable_path/Frameworks";
				PRODUCT_BUNDLE_IDENTIFIER = magnete.provaGit;
				PRODUCT_NAME = "$(TARGET_NAME)";
				SWIFT_VERSION = 4.0;
				TARGETED_DEVICE_FAMILY = "1,2";
			};
			name = Debug;
		};
		424F20C01FD99F380085D929 /* Release */ = {
			isa = XCBuildConfiguration;
			buildSettings = {
				ASSETCATALOG_COMPILER_APPICON_NAME = AppIcon;
				CODE_SIGN_STYLE = Automatic;
				DEVELOPMENT_TEAM = F3C54Q5QDX;
				INFOPLIST_FILE = provaGit/Info.plist;
				LD_RUNPATH_SEARCH_PATHS = "$(inherited) @executable_path/Frameworks";
				PRODUCT_BUNDLE_IDENTIFIER = magnete.provaGit;
				PRODUCT_NAME = "$(TARGET_NAME)";
				SWIFT_VERSION = 4.0;
				TARGETED_DEVICE_FAMILY = "1,2";
			};
			name = Release;
		};
		424F20C21FD99F380085D929 /* Debug */ = {
			isa = XCBuildConfiguration;
			buildSettings = {
				ALWAYS_EMBED_SWIFT_STANDARD_LIBRARIES = YES;
				BUNDLE_LOADER = "$(TEST_HOST)";
				CODE_SIGN_STYLE = Automatic;
				DEVELOPMENT_TEAM = F3C54Q5QDX;
				INFOPLIST_FILE = provaGitTests/Info.plist;
				LD_RUNPATH_SEARCH_PATHS = "$(inherited) @executable_path/Frameworks @loader_path/Frameworks";
				PRODUCT_BUNDLE_IDENTIFIER = magnete.provaGitTests;
				PRODUCT_NAME = "$(TARGET_NAME)";
				SWIFT_VERSION = 4.0;
				TARGETED_DEVICE_FAMILY = "1,2";
				TEST_HOST = "$(BUILT_PRODUCTS_DIR)/provaGit.app/provaGit";
			};
			name = Debug;
		};
		424F20C31FD99F380085D929 /* Release */ = {
			isa = XCBuildConfiguration;
			buildSettings = {
				ALWAYS_EMBED_SWIFT_STANDARD_LIBRARIES = YES;
				BUNDLE_LOADER = "$(TEST_HOST)";
				CODE_SIGN_STYLE = Automatic;
				DEVELOPMENT_TEAM = F3C54Q5QDX;
				INFOPLIST_FILE = provaGitTests/Info.plist;
				LD_RUNPATH_SEARCH_PATHS = "$(inherited) @executable_path/Frameworks @loader_path/Frameworks";
				PRODUCT_BUNDLE_IDENTIFIER = magnete.provaGitTests;
				PRODUCT_NAME = "$(TARGET_NAME)";
				SWIFT_VERSION = 4.0;
				TARGETED_DEVICE_FAMILY = "1,2";
				TEST_HOST = "$(BUILT_PRODUCTS_DIR)/provaGit.app/provaGit";
			};
			name = Release;
		};
		424F20C51FD99F380085D929 /* Debug */ = {
			isa = XCBuildConfiguration;
			buildSettings = {
				ALWAYS_EMBED_SWIFT_STANDARD_LIBRARIES = YES;
				CODE_SIGN_STYLE = Automatic;
				DEVELOPMENT_TEAM = F3C54Q5QDX;
				INFOPLIST_FILE = provaGitUITests/Info.plist;
				LD_RUNPATH_SEARCH_PATHS = "$(inherited) @executable_path/Frameworks @loader_path/Frameworks";
				PRODUCT_BUNDLE_IDENTIFIER = magnete.provaGitUITests;
				PRODUCT_NAME = "$(TARGET_NAME)";
				SWIFT_VERSION = 4.0;
				TARGETED_DEVICE_FAMILY = "1,2";
				TEST_TARGET_NAME = provaGit;
			};
			name = Debug;
		};
		424F20C61FD99F380085D929 /* Release */ = {
			isa = XCBuildConfiguration;
			buildSettings = {
				ALWAYS_EMBED_SWIFT_STANDARD_LIBRARIES = YES;
				CODE_SIGN_STYLE = Automatic;
				DEVELOPMENT_TEAM = F3C54Q5QDX;
				INFOPLIST_FILE = provaGitUITests/Info.plist;
				LD_RUNPATH_SEARCH_PATHS = "$(inherited) @executable_path/Frameworks @loader_path/Frameworks";
				PRODUCT_BUNDLE_IDENTIFIER = magnete.provaGitUITests;
				PRODUCT_NAME = "$(TARGET_NAME)";
				SWIFT_VERSION = 4.0;
				TARGETED_DEVICE_FAMILY = "1,2";
				TEST_TARGET_NAME = provaGit;
			};
			name = Release;
		};
/* End XCBuildConfiguration section */

/* Begin XCConfigurationList section */
		424F20911FD99F380085D929 /* Build configuration list for PBXProject "provaGit" */ = {
			isa = XCConfigurationList;
			buildConfigurations = (
				424F20BC1FD99F380085D929 /* Debug */,
				424F20BD1FD99F380085D929 /* Release */,
			);
			defaultConfigurationIsVisible = 0;
			defaultConfigurationName = Release;
		};
		424F20BE1FD99F380085D929 /* Build configuration list for PBXNativeTarget "provaGit" */ = {
			isa = XCConfigurationList;
			buildConfigurations = (
				424F20BF1FD99F380085D929 /* Debug */,
				424F20C01FD99F380085D929 /* Release */,
			);
			defaultConfigurationIsVisible = 0;
			defaultConfigurationName = Release;
		};
		424F20C11FD99F380085D929 /* Build configuration list for PBXNativeTarget "provaGitTests" */ = {
			isa = XCConfigurationList;
			buildConfigurations = (
				424F20C21FD99F380085D929 /* Debug */,
				424F20C31FD99F380085D929 /* Release */,
			);
			defaultConfigurationIsVisible = 0;
			defaultConfigurationName = Release;
		};
		424F20C41FD99F380085D929 /* Build configuration list for PBXNativeTarget "provaGitUITests" */ = {
			isa = XCConfigurationList;
			buildConfigurations = (
				424F20C51FD99F380085D929 /* Debug */,
				424F20C61FD99F380085D929 /* Release */,
			);
			defaultConfigurationIsVisible = 0;
			defaultConfigurationName = Release;
		};
/* End XCConfigurationList section */
	};
	rootObject = 424F208E1FD99F380085D929 /* Project object */;
}
